
Microsoft Visual Studio Solution File, Format Version 12.00
# Visual Studio Version 16
VisualStudioVersion = 16.0.31911.196
MinimumVisualStudioVersion = 10.0.40219.1
Project("{9A19103F-16F7-4668-BE54-9A1E7A4F7556}") = "CarInsurance.Web", "CarInsurance.Web\CarInsurance.Web.csproj", "{CAA4E20A-ADDC-4295-82F4-E3C81F18315C}"
EndProject
Project("{9A19103F-16F7-4668-BE54-9A1E7A4F7556}") = "CarInsurance.Dao", "CarInsurance.Dao\CarInsurance.Dao.csproj", "{2DD1CB11-E86B-40F3-9DA0-7811C4074867}"
EndProject
Project("{9A19103F-16F7-4668-BE54-9A1E7A4F7556}") = "CarInsurance.Model", "CarInsurance.Model\CarInsurance.Model.csproj", "{4A5A7CBF-B481-488B-AABE-24685C1DE1D2}"
EndProject
Project("{9A19103F-16F7-4668-BE54-9A1E7A4F7556}") = "CarInsurance.Service", "CarInsurance.Service\CarInsurance.Service.csproj", "{1E94A9AE-CD9E-4ED3-98F0-540A912E4297}"
EndProject
Project("{FAE04EC0-301F-11D3-BF4B-00C04F79EFBC}") = "CarInsurance.Api", "CarInsurance.Api\CarInsurance.Api.csproj", "{9AF02E22-A3A5-41B1-8B66-7AB33DCAE0D5}"
EndProject
Global
	GlobalSection(SolutionConfigurationPlatforms) = preSolution
		Debug|Any CPU = Debug|Any CPU
		Release|Any CPU = Release|Any CPU
	EndGlobalSection
	GlobalSection(ProjectConfigurationPlatforms) = postSolution
		{CAA4E20A-ADDC-4295-82F4-E3C81F18315C}.Debug|Any CPU.ActiveCfg = Debug|Any CPU
		{CAA4E20A-ADDC-4295-82F4-E3C81F18315C}.Debug|Any CPU.Build.0 = Debug|Any CPU
		{CAA4E20A-ADDC-4295-82F4-E3C81F18315C}.Release|Any CPU.ActiveCfg = Release|Any CPU
		{CAA4E20A-ADDC-4295-82F4-E3C81F18315C}.Release|Any CPU.Build.0 = Release|Any CPU
		{2DD1CB11-E86B-40F3-9DA0-7811C4074867}.Debug|Any CPU.ActiveCfg = Debug|Any CPU
		{2DD1CB11-E86B-40F3-9DA0-7811C4074867}.Debug|Any CPU.Build.0 = Debug|Any CPU
		{2DD1CB11-E86B-40F3-9DA0-7811C4074867}.Release|Any CPU.ActiveCfg = Release|Any CPU
		{2DD1CB11-E86B-40F3-9DA0-7811C4074867}.Release|Any CPU.Build.0 = Release|Any CPU
		{4A5A7CBF-B481-488B-AABE-24685C1DE1D2}.Debug|Any CPU.ActiveCfg = Debug|Any CPU
		{4A5A7CBF-B481-488B-AABE-24685C1DE1D2}.Debug|Any CPU.Build.0 = Debug|Any CPU
		{4A5A7CBF-B481-488B-AABE-24685C1DE1D2}.Release|Any CPU.ActiveCfg = Release|Any CPU
		{4A5A7CBF-B481-488B-AABE-24685C1DE1D2}.Release|Any CPU.Build.0 = Release|Any CPU
		{1E94A9AE-CD9E-4ED3-98F0-540A912E4297}.Debug|Any CPU.ActiveCfg = Debug|Any CPU
		{1E94A9AE-CD9E-4ED3-98F0-540A912E4297}.Debug|Any CPU.Build.0 = Debug|Any CPU
		{1E94A9AE-CD9E-4ED3-98F0-540A912E4297}.Release|Any CPU.ActiveCfg = Release|Any CPU
		{1E94A9AE-CD9E-4ED3-98F0-540A912E4297}.Release|Any CPU.Build.0 = Release|Any CPU
		{9AF02E22-A3A5-41B1-8B66-7AB33DCAE0D5}.Debug|Any CPU.ActiveCfg = Debug|Any CPU
		{9AF02E22-A3A5-41B1-8B66-7AB33DCAE0D5}.Debug|Any CPU.Build.0 = Debug|Any CPU
		{9AF02E22-A3A5-41B1-8B66-7AB33DCAE0D5}.Release|Any CPU.ActiveCfg = Release|Any CPU
		{9AF02E22-A3A5-41B1-8B66-7AB33DCAE0D5}.Release|Any CPU.Build.0 = Release|Any CPU
	EndGlobalSection
	GlobalSection(SolutionProperties) = preSolution
		HideSolutionNode = FALSE
	EndGlobalSection
	GlobalSection(ExtensibilityGlobals) = postSolution
		SolutionGuid = {D52A11A5-D77D-46FB-A575-45299E1C55FA}
	EndGlobalSection
EndGlobal
